// !$*UTF8*$!
{
	archiveVersion = 1;
	classes = {
	};
	objectVersion = 48;
	objects = {

/* Begin PBXBuildFile section */
		8FAD09C41FE32BD9007D9910 /* Constants.swift in Sources */ = {isa = PBXBuildFile; fileRef = 8FAD09C31FE32BD9007D9910 /* Constants.swift */; };
		8FAD09C61FE32C6E007D9910 /* GCDBlackBox.swift in Sources */ = {isa = PBXBuildFile; fileRef = 8FAD09C51FE32C6E007D9910 /* GCDBlackBox.swift */; };
		8FB05EF31FE1C98400A81677 /* AppDelegate.swift in Sources */ = {isa = PBXBuildFile; fileRef = 8FB05EF21FE1C98400A81677 /* AppDelegate.swift */; };
		8FB05EF51FE1C98400A81677 /* ViewController.swift in Sources */ = {isa = PBXBuildFile; fileRef = 8FB05EF41FE1C98400A81677 /* ViewController.swift */; };
		8FB05EF81FE1C98400A81677 /* Main.storyboard in Resources */ = {isa = PBXBuildFile; fileRef = 8FB05EF61FE1C98400A81677 /* Main.storyboard */; };
		8FB05EFA1FE1C98400A81677 /* Assets.xcassets in Resources */ = {isa = PBXBuildFile; fileRef = 8FB05EF91FE1C98400A81677 /* Assets.xcassets */; };
		8FB05EFD1FE1C98400A81677 /* LaunchScreen.storyboard in Resources */ = {isa = PBXBuildFile; fileRef = 8FB05EFB1FE1C98400A81677 /* LaunchScreen.storyboard */; };
		8FB05F081FE1C98400A81677 /* FlickrFinderTests.swift in Sources */ = {isa = PBXBuildFile; fileRef = 8FB05F071FE1C98400A81677 /* FlickrFinderTests.swift */; };
		8FB05F131FE1C98400A81677 /* FlickrFinderUITests.swift in Sources */ = {isa = PBXBuildFile; fileRef = 8FB05F121FE1C98400A81677 /* FlickrFinderUITests.swift */; };
/* End PBXBuildFile section */

/* Begin PBXContainerItemProxy section */
		8FB05F041FE1C98400A81677 /* PBXContainerItemProxy */ = {
			isa = PBXContainerItemProxy;
			containerPortal = 8FB05EE71FE1C98400A81677 /* Project object */;
			proxyType = 1;
			remoteGlobalIDString = 8FB05EEE1FE1C98400A81677;
			remoteInfo = FlickrFinder;
		};
		8FB05F0F1FE1C98400A81677 /* PBXContainerItemProxy */ = {
			isa = PBXContainerItemProxy;
			containerPortal = 8FB05EE71FE1C98400A81677 /* Project object */;
			proxyType = 1;
			remoteGlobalIDString = 8FB05EEE1FE1C98400A81677;
			remoteInfo = FlickrFinder;
		};
/* End PBXContainerItemProxy section */

/* Begin PBXFileReference section */
		8FAD09C31FE32BD9007D9910 /* Constants.swift */ = {isa = PBXFileReference; lastKnownFileType = sourcecode.swift; path = Constants.swift; sourceTree = "<group>"; };
		8FAD09C51FE32C6E007D9910 /* GCDBlackBox.swift */ = {isa = PBXFileReference; lastKnownFileType = sourcecode.swift; path = GCDBlackBox.swift; sourceTree = "<group>"; };
		8FB05EEF1FE1C98400A81677 /* FlickrFinder.app */ = {isa = PBXFileReference; explicitFileType = wrapper.application; includeInIndex = 0; path = FlickrFinder.app; sourceTree = BUILT_PRODUCTS_DIR; };
		8FB05EF21FE1C98400A81677 /* AppDelegate.swift */ = {isa = PBXFileReference; lastKnownFileType = sourcecode.swift; path = AppDelegate.swift; sourceTree = "<group>"; };
		8FB05EF41FE1C98400A81677 /* ViewController.swift */ = {isa = PBXFileReference; lastKnownFileType = sourcecode.swift; path = ViewController.swift; sourceTree = "<group>"; };
		8FB05EF71FE1C98400A81677 /* Base */ = {isa = PBXFileReference; lastKnownFileType = file.storyboard; name = Base; path = Base.lproj/Main.storyboard; sourceTree = "<group>"; };
		8FB05EF91FE1C98400A81677 /* Assets.xcassets */ = {isa = PBXFileReference; lastKnownFileType = folder.assetcatalog; path = Assets.xcassets; sourceTree = "<group>"; };
		8FB05EFC1FE1C98400A81677 /* Base */ = {isa = PBXFileReference; lastKnownFileType = file.storyboard; name = Base; path = Base.lproj/LaunchScreen.storyboard; sourceTree = "<group>"; };
		8FB05EFE1FE1C98400A81677 /* Info.plist */ = {isa = PBXFileReference; lastKnownFileType = text.plist.xml; path = Info.plist; sourceTree = "<group>"; };
		8FB05F031FE1C98400A81677 /* FlickrFinderTests.xctest */ = {isa = PBXFileReference; explicitFileType = wrapper.cfbundle; includeInIndex = 0; path = FlickrFinderTests.xctest; sourceTree = BUILT_PRODUCTS_DIR; };
		8FB05F071FE1C98400A81677 /* FlickrFinderTests.swift */ = {isa = PBXFileReference; lastKnownFileType = sourcecode.swift; path = FlickrFinderTests.swift; sourceTree = "<group>"; };
		8FB05F091FE1C98400A81677 /* Info.plist */ = {isa = PBXFileReference; lastKnownFileType = text.plist.xml; path = Info.plist; sourceTree = "<group>"; };
		8FB05F0E1FE1C98400A81677 /* FlickrFinderUITests.xctest */ = {isa = PBXFileReference; explicitFileType = wrapper.cfbundle; includeInIndex = 0; path = FlickrFinderUITests.xctest; sourceTree = BUILT_PRODUCTS_DIR; };
		8FB05F121FE1C98400A81677 /* FlickrFinderUITests.swift */ = {isa = PBXFileReference; lastKnownFileType = sourcecode.swift; path = FlickrFinderUITests.swift; sourceTree = "<group>"; };
		8FB05F141FE1C98400A81677 /* Info.plist */ = {isa = PBXFileReference; lastKnownFileType = text.plist.xml; path = Info.plist; sourceTree = "<group>"; };
/* End PBXFileReference section */

/* Begin PBXFrameworksBuildPhase section */
		8FB05EEC1FE1C98400A81677 /* Frameworks */ = {
			isa = PBXFrameworksBuildPhase;
			buildActionMask = 2147483647;
			files = (
			);
			runOnlyForDeploymentPostprocessing = 0;
		};
		8FB05F001FE1C98400A81677 /* Frameworks */ = {
			isa = PBXFrameworksBuildPhase;
			buildActionMask = 2147483647;
			files = (
			);
			runOnlyForDeploymentPostprocessing = 0;
		};
		8FB05F0B1FE1C98400A81677 /* Frameworks */ = {
			isa = PBXFrameworksBuildPhase;
			buildActionMask = 2147483647;
			files = (
			);
			runOnlyForDeploymentPostprocessing = 0;
		};
/* End PBXFrameworksBuildPhase section */

/* Begin PBXGroup section */
		8FB05EE61FE1C98400A81677 = {
			isa = PBXGroup;
			children = (
				8FB05EF11FE1C98400A81677 /* FlickrFinder */,
				8FB05F061FE1C98400A81677 /* FlickrFinderTests */,
				8FB05F111FE1C98400A81677 /* FlickrFinderUITests */,
				8FB05EF01FE1C98400A81677 /* Products */,
			);
			sourceTree = "<group>";
		};
		8FB05EF01FE1C98400A81677 /* Products */ = {
			isa = PBXGroup;
			children = (
				8FB05EEF1FE1C98400A81677 /* FlickrFinder.app */,
				8FB05F031FE1C98400A81677 /* FlickrFinderTests.xctest */,
				8FB05F0E1FE1C98400A81677 /* FlickrFinderUITests.xctest */,
			);
			name = Products;
			sourceTree = "<group>";
		};
		8FB05EF11FE1C98400A81677 /* FlickrFinder */ = {
			isa = PBXGroup;
			children = (
				8FB05EF21FE1C98400A81677 /* AppDelegate.swift */,
				8FB05EF41FE1C98400A81677 /* ViewController.swift */,
				8FB05EF61FE1C98400A81677 /* Main.storyboard */,
				8FAD09C31FE32BD9007D9910 /* Constants.swift */,
				8FAD09C51FE32C6E007D9910 /* GCDBlackBox.swift */,
				8FB05EF91FE1C98400A81677 /* Assets.xcassets */,
				8FB05EFB1FE1C98400A81677 /* LaunchScreen.storyboard */,
				8FB05EFE1FE1C98400A81677 /* Info.plist */,
			);
			path = FlickrFinder;
			sourceTree = "<group>";
		};
		8FB05F061FE1C98400A81677 /* FlickrFinderTests */ = {
			isa = PBXGroup;
			children = (
				8FB05F071FE1C98400A81677 /* FlickrFinderTests.swift */,
				8FB05F091FE1C98400A81677 /* Info.plist */,
			);
			path = FlickrFinderTests;
			sourceTree = "<group>";
		};
		8FB05F111FE1C98400A81677 /* FlickrFinderUITests */ = {
			isa = PBXGroup;
			children = (
				8FB05F121FE1C98400A81677 /* FlickrFinderUITests.swift */,
				8FB05F141FE1C98400A81677 /* Info.plist */,
			);
			path = FlickrFinderUITests;
			sourceTree = "<group>";
		};
/* End PBXGroup section */

/* Begin PBXNativeTarget section */
		8FB05EEE1FE1C98400A81677 /* FlickrFinder */ = {
			isa = PBXNativeTarget;
			buildConfigurationList = 8FB05F171FE1C98400A81677 /* Build configuration list for PBXNativeTarget "FlickrFinder" */;
			buildPhases = (
				8FB05EEB1FE1C98400A81677 /* Sources */,
				8FB05EEC1FE1C98400A81677 /* Frameworks */,
				8FB05EED1FE1C98400A81677 /* Resources */,
			);
			buildRules = (
			);
			dependencies = (
			);
			name = FlickrFinder;
			productName = FlickrFinder;
			productReference = 8FB05EEF1FE1C98400A81677 /* FlickrFinder.app */;
			productType = "com.apple.product-type.application";
		};
		8FB05F021FE1C98400A81677 /* FlickrFinderTests */ = {
			isa = PBXNativeTarget;
			buildConfigurationList = 8FB05F1A1FE1C98400A81677 /* Build configuration list for PBXNativeTarget "FlickrFinderTests" */;
			buildPhases = (
				8FB05EFF1FE1C98400A81677 /* Sources */,
				8FB05F001FE1C98400A81677 /* Frameworks */,
				8FB05F011FE1C98400A81677 /* Resources */,
			);
			buildRules = (
			);
			dependencies = (
				8FB05F051FE1C98400A81677 /* PBXTargetDependency */,
			);
			name = FlickrFinderTests;
			productName = FlickrFinderTests;
			productReference = 8FB05F031FE1C98400A81677 /* FlickrFinderTests.xctest */;
			productType = "com.apple.product-type.bundle.unit-test";
		};
		8FB05F0D1FE1C98400A81677 /* FlickrFinderUITests */ = {
			isa = PBXNativeTarget;
			buildConfigurationList = 8FB05F1D1FE1C98400A81677 /* Build configuration list for PBXNativeTarget "FlickrFinderUITests" */;
			buildPhases = (
				8FB05F0A1FE1C98400A81677 /* Sources */,
				8FB05F0B1FE1C98400A81677 /* Frameworks */,
				8FB05F0C1FE1C98400A81677 /* Resources */,
			);
			buildRules = (
			);
			dependencies = (
				8FB05F101FE1C98400A81677 /* PBXTargetDependency */,
			);
			name = FlickrFinderUITests;
			productName = FlickrFinderUITests;
			productReference = 8FB05F0E1FE1C98400A81677 /* FlickrFinderUITests.xctest */;
			productType = "com.apple.product-type.bundle.ui-testing";
		};
/* End PBXNativeTarget section */

/* Begin PBXProject section */
		8FB05EE71FE1C98400A81677 /* Project object */ = {
			isa = PBXProject;
			attributes = {
				LastSwiftUpdateCheck = 0910;
				LastUpgradeCheck = 0910;
				ORGANIZATIONNAME = "Yugandhara Lad";
				TargetAttributes = {
					8FB05EEE1FE1C98400A81677 = {
						CreatedOnToolsVersion = 9.1;
						ProvisioningStyle = Automatic;
					};
					8FB05F021FE1C98400A81677 = {
						CreatedOnToolsVersion = 9.1;
						ProvisioningStyle = Automatic;
						TestTargetID = 8FB05EEE1FE1C98400A81677;
					};
					8FB05F0D1FE1C98400A81677 = {
						CreatedOnToolsVersion = 9.1;
						ProvisioningStyle = Automatic;
						TestTargetID = 8FB05EEE1FE1C98400A81677;
					};
				};
			};
			buildConfigurationList = 8FB05EEA1FE1C98400A81677 /* Build configuration list for PBXProject "FlickrFinder" */;
			compatibilityVersion = "Xcode 8.0";
			developmentRegion = en;
			hasScannedForEncodings = 0;
			knownRegions = (
				en,
				Base,
			);
			mainGroup = 8FB05EE61FE1C98400A81677;
			productRefGroup = 8FB05EF01FE1C98400A81677 /* Products */;
			projectDirPath = "";
			projectRoot = "";
			targets = (
				8FB05EEE1FE1C98400A81677 /* FlickrFinder */,
				8FB05F021FE1C98400A81677 /* FlickrFinderTests */,
				8FB05F0D1FE1C98400A81677 /* FlickrFinderUITests */,
			);
		};
/* End PBXProject section */

/* Begin PBXResourcesBuildPhase section */
		8FB05EED1FE1C98400A81677 /* Resources */ = {
			isa = PBXResourcesBuildPhase;
			buildActionMask = 2147483647;
			files = (
				8FB05EFD1FE1C98400A81677 /* LaunchScreen.storyboard in Resources */,
				8FB05EFA1FE1C98400A81677 /* Assets.xcassets in Resources */,
				8FB05EF81FE1C98400A81677 /* Main.storyboard in Resources */,
			);
			runOnlyForDeploymentPostprocessing = 0;
		};
		8FB05F011FE1C98400A81677 /* Resources */ = {
			isa = PBXResourcesBuildPhase;
			buildActionMask = 2147483647;
			files = (
			);
			runOnlyForDeploymentPostprocessing = 0;
		};
		8FB05F0C1FE1C98400A81677 /* Resources */ = {
			isa = PBXResourcesBuildPhase;
			buildActionMask = 2147483647;
			files = (
			);
			runOnlyForDeploymentPostprocessing = 0;
		};
/* End PBXResourcesBuildPhase section */

/* Begin PBXSourcesBuildPhase section */
		8FB05EEB1FE1C98400A81677 /* Sources */ = {
			isa = PBXSourcesBuildPhase;
			buildActionMask = 2147483647;
			files = (
				8FAD09C61FE32C6E007D9910 /* GCDBlackBox.swift in Sources */,
				8FB05EF51FE1C98400A81677 /* ViewController.swift in Sources */,
				8FB05EF31FE1C98400A81677 /* AppDelegate.swift in Sources */,
				8FAD09C41FE32BD9007D9910 /* Constants.swift in Sources */,
			);
			runOnlyForDeploymentPostprocessing = 0;
		};
		8FB05EFF1FE1C98400A81677 /* Sources */ = {
			isa = PBXSourcesBuildPhase;
			buildActionMask = 2147483647;
			files = (
				8FB05F081FE1C98400A81677 /* FlickrFinderTests.swift in Sources */,
			);
			runOnlyForDeploymentPostprocessing = 0;
		};
		8FB05F0A1FE1C98400A81677 /* Sources */ = {
			isa = PBXSourcesBuildPhase;
			buildActionMask = 2147483647;
			files = (
				8FB05F131FE1C98400A81677 /* FlickrFinderUITests.swift in Sources */,
			);
			runOnlyForDeploymentPostprocessing = 0;
		};
/* End PBXSourcesBuildPhase section */

/* Begin PBXTargetDependency section */
		8FB05F051FE1C98400A81677 /* PBXTargetDependency */ = {
			isa = PBXTargetDependency;
			target = 8FB05EEE1FE1C98400A81677 /* FlickrFinder */;
			targetProxy = 8FB05F041FE1C98400A81677 /* PBXContainerItemProxy */;
		};
		8FB05F101FE1C98400A81677 /* PBXTargetDependency */ = {
			isa = PBXTargetDependency;
			target = 8FB05EEE1FE1C98400A81677 /* FlickrFinder */;
			targetProxy = 8FB05F0F1FE1C98400A81677 /* PBXContainerItemProxy */;
		};
/* End PBXTargetDependency section */

/* Begin PBXVariantGroup section */
		8FB05EF61FE1C98400A81677 /* Main.storyboard */ = {
			isa = PBXVariantGroup;
			children = (
				8FB05EF71FE1C98400A81677 /* Base */,
			);
			name = Main.storyboard;
			sourceTree = "<group>";
		};
		8FB05EFB1FE1C98400A81677 /* LaunchScreen.storyboard */ = {
			isa = PBXVariantGroup;
			children = (
				8FB05EFC1FE1C98400A81677 /* Base */,
			);
			name = LaunchScreen.storyboard;
			sourceTree = "<group>";
		};
/* End PBXVariantGroup section */

/* Begin XCBuildConfiguration section */
		8FB05F151FE1C98400A81677 /* Debug */ = {
			isa = XCBuildConfiguration;
			buildSettings = {
				ALWAYS_SEARCH_USER_PATHS = NO;
				CLANG_ANALYZER_NONNULL = YES;
				CLANG_ANALYZER_NUMBER_OBJECT_CONVERSION = YES_AGGRESSIVE;
				CLANG_CXX_LANGUAGE_STANDARD = "gnu++14";
				CLANG_CXX_LIBRARY = "libc++";
				CLANG_ENABLE_MODULES = YES;
				CLANG_ENABLE_OBJC_ARC = YES;
				CLANG_WARN_BLOCK_CAPTURE_AUTORELEASING = YES;
				CLANG_WARN_BOOL_CONVERSION = YES;
				CLANG_WARN_COMMA = YES;
				CLANG_WARN_CONSTANT_CONVERSION = YES;
				CLANG_WARN_DIRECT_OBJC_ISA_USAGE = YES_ERROR;
				CLANG_WARN_DOCUMENTATION_COMMENTS = YES;
				CLANG_WARN_EMPTY_BODY = YES;
				CLANG_WARN_ENUM_CONVERSION = YES;
				CLANG_WARN_INFINITE_RECURSION = YES;
				CLANG_WARN_INT_CONVERSION = YES;
				CLANG_WARN_NON_LITERAL_NULL_CONVERSION = YES;
				CLANG_WARN_OBJC_LITERAL_CONVERSION = YES;
				CLANG_WARN_OBJC_ROOT_CLASS = YES_ERROR;
				CLANG_WARN_RANGE_LOOP_ANALYSIS = YES;
				CLANG_WARN_STRICT_PROTOTYPES = YES;
				CLANG_WARN_SUSPICIOUS_MOVE = YES;
				CLANG_WARN_UNGUARDED_AVAILABILITY = YES_AGGRESSIVE;
				CLANG_WARN_UNREACHABLE_CODE = YES;
				CLANG_WARN__DUPLICATE_METHOD_MATCH = YES;
				CODE_SIGN_IDENTITY = "iPhone Developer";
				COPY_PHASE_STRIP = NO;
				DEBUG_INFORMATION_FORMAT = dwarf;
				ENABLE_STRICT_OBJC_MSGSEND = YES;
				ENABLE_TESTABILITY = YES;
				GCC_C_LANGUAGE_STANDARD = gnu11;
				GCC_DYNAMIC_NO_PIC = NO;
				GCC_NO_COMMON_BLOCKS = YES;
				GCC_OPTIMIZATION_LEVEL = 0;
				GCC_PREPROCESSOR_DEFINITIONS = (
					"DEBUG=1",
					"$(inherited)",
				);
				GCC_WARN_64_TO_32_BIT_CONVERSION = YES;
				GCC_WARN_ABOUT_RETURN_TYPE = YES_ERROR;
				GCC_WARN_UNDECLARED_SELECTOR = YES;
				GCC_WARN_UNINITIALIZED_AUTOS = YES_AGGRESSIVE;
				GCC_WARN_UNUSED_FUNCTION = YES;
				GCC_WARN_UNUSED_VARIABLE = YES;
				IPHONEOS_DEPLOYMENT_TARGET = 11.1;
				MTL_ENABLE_DEBUG_INFO = YES;
				ONLY_ACTIVE_ARCH = YES;
				SDKROOT = iphoneos;
				SWIFT_ACTIVE_COMPILATION_CONDITIONS = DEBUG;
				SWIFT_OPTIMIZATION_LEVEL = "-Onone";
			};
			name = Debug;
		};
		8FB05F161FE1C98400A81677 /* Release */ = {
			isa = XCBuildConfiguration;
			buildSettings = {
				ALWAYS_SEARCH_USER_PATHS = NO;
				CLANG_ANALYZER_NONNULL = YES;
				CLANG_ANALYZER_NUMBER_OBJECT_CONVERSION = YES_AGGRESSIVE;
				CLANG_CXX_LANGUAGE_STANDARD = "gnu++14";
				CLANG_CXX_LIBRARY = "libc++";
				CLANG_ENABLE_MODULES = YES;
				CLANG_ENABLE_OBJC_ARC = YES;
				CLANG_WARN_BLOCK_CAPTURE_AUTORELEASING = YES;
				CLANG_WARN_BOOL_CONVERSION = YES;
				CLANG_WARN_COMMA = YES;
				CLANG_WARN_CONSTANT_CONVERSION = YES;
				CLANG_WARN_DIRECT_OBJC_ISA_USAGE = YES_ERROR;
				CLANG_WARN_DOCUMENTATION_COMMENTS = YES;
				CLANG_WARN_EMPTY_BODY = YES;
				CLANG_WARN_ENUM_CONVERSION = YES;
				CLANG_WARN_INFINITE_RECURSION = YES;
				CLANG_WARN_INT_CONVERSION = YES;
				CLANG_WARN_NON_LITERAL_NULL_CONVERSION = YES;
				CLANG_WARN_OBJC_LITERAL_CONVERSION = YES;
				CLANG_WARN_OBJC_ROOT_CLASS = YES_ERROR;
				CLANG_WARN_RANGE_LOOP_ANALYSIS = YES;
				CLANG_WARN_STRICT_PROTOTYPES = YES;
				CLANG_WARN_SUSPICIOUS_MOVE = YES;
				CLANG_WARN_UNGUARDED_AVAILABILITY = YES_AGGRESSIVE;
				CLANG_WARN_UNREACHABLE_CODE = YES;
				CLANG_WARN__DUPLICATE_METHOD_MATCH = YES;
				CODE_SIGN_IDENTITY = "iPhone Developer";
				COPY_PHASE_STRIP = NO;
				DEBUG_INFORMATION_FORMAT = "dwarf-with-dsym";
				ENABLE_NS_ASSERTIONS = NO;
				ENABLE_STRICT_OBJC_MSGSEND = YES;
				GCC_C_LANGUAGE_STANDARD = gnu11;
				GCC_NO_COMMON_BLOCKS = YES;
				GCC_WARN_64_TO_32_BIT_CONVERSION = YES;
				GCC_WARN_ABOUT_RETURN_TYPE = YES_ERROR;
				GCC_WARN_UNDECLARED_SELECTOR = YES;
				GCC_WARN_UNINITIALIZED_AUTOS = YES_AGGRESSIVE;
				GCC_WARN_UNUSED_FUNCTION = YES;
				GCC_WARN_UNUSED_VARIABLE = YES;
				IPHONEOS_DEPLOYMENT_TARGET = 11.1;
				MTL_ENABLE_DEBUG_INFO = NO;
				SDKROOT = iphoneos;
				SWIFT_OPTIMIZATION_LEVEL = "-Owholemodule";
				VALIDATE_PRODUCT = YES;
			};
			name = Release;
		};
		8FB05F181FE1C98400A81677 /* Debug */ = {
			isa = XCBuildConfiguration;
			buildSettings = {
				ASSETCATALOG_COMPILER_APPICON_NAME = AppIcon;
				CODE_SIGN_STYLE = Automatic;
				DEVELOPMENT_TEAM = 4FX69YPBM3;
				INFOPLIST_FILE = FlickrFinder/Info.plist;
				LD_RUNPATH_SEARCH_PATHS = "$(inherited) @executable_path/Frameworks";
				PRODUCT_BUNDLE_IDENTIFIER = com.Lad.Yugandhara.FlickrFinder;
				PRODUCT_NAME = "$(TARGET_NAME)";
				SWIFT_VERSION = 4.0;
				TARGETED_DEVICE_FAMILY = "1,2";
			};
			name = Debug;
		};
		8FB05F191FE1C98400A81677 /* Release */ = {
			isa = XCBuildConfiguration;
			buildSettings = {
				ASSETCATALOG_COMPILER_APPICON_NAME = AppIcon;
				CODE_SIGN_STYLE = Automatic;
				DEVELOPMENT_TEAM = 4FX69YPBM3;
				INFOPLIST_FILE = FlickrFinder/Info.plist;
				LD_RUNPATH_SEARCH_PATHS = "$(inherited) @executable_path/Frameworks";
				PRODUCT_BUNDLE_IDENTIFIER = com.Lad.Yugandhara.FlickrFinder;
				PRODUCT_NAME = "$(TARGET_NAME)";
				SWIFT_VERSION = 4.0;
				TARGETED_DEVICE_FAMILY = "1,2";
			};
			name = Release;
		};
		8FB05F1B1FE1C98400A81677 /* Debug */ = {
			isa = XCBuildConfiguration;
			buildSettings = {
				ALWAYS_EMBED_SWIFT_STANDARD_LIBRARIES = YES;
				BUNDLE_LOADER = "$(TEST_HOST)";
				CODE_SIGN_STYLE = Automatic;
				DEVELOPMENT_TEAM = 4FX69YPBM3;
				INFOPLIST_FILE = FlickrFinderTests/Info.plist;
				LD_RUNPATH_SEARCH_PATHS = "$(inherited) @executable_path/Frameworks @loader_path/Frameworks";
				PRODUCT_BUNDLE_IDENTIFIER = com.Lad.Yugandhara.FlickrFinderTests;
				PRODUCT_NAME = "$(TARGET_NAME)";
				SWIFT_VERSION = 4.0;
				TARGETED_DEVICE_FAMILY = "1,2";
				TEST_HOST = "$(BUILT_PRODUCTS_DIR)/FlickrFinder.app/FlickrFinder";
			};
			name = Debug;
		};
		8FB05F1C1FE1C98400A81677 /* Release */ = {
			isa = XCBuildConfiguration;
			buildSettings = {
				ALWAYS_EMBED_SWIFT_STANDARD_LIBRARIES = YES;
				BUNDLE_LOADER = "$(TEST_HOST)";
				CODE_SIGN_STYLE = Automatic;
				DEVELOPMENT_TEAM = 4FX69YPBM3;
				INFOPLIST_FILE = FlickrFinderTests/Info.plist;
				LD_RUNPATH_SEARCH_PATHS = "$(inherited) @executable_path/Frameworks @loader_path/Frameworks";
				PRODUCT_BUNDLE_IDENTIFIER = com.Lad.Yugandhara.FlickrFinderTests;
				PRODUCT_NAME = "$(TARGET_NAME)";
				SWIFT_VERSION = 4.0;
				TARGETED_DEVICE_FAMILY = "1,2";
				TEST_HOST = "$(BUILT_PRODUCTS_DIR)/FlickrFinder.app/FlickrFinder";
			};
			name = Release;
		};
		8FB05F1E1FE1C98400A81677 /* Debug */ = {
			isa = XCBuildConfiguration;
			buildSettings = {
				ALWAYS_EMBED_SWIFT_STANDARD_LIBRARIES = YES;
				CODE_SIGN_STYLE = Automatic;
				DEVELOPMENT_TEAM = 4FX69YPBM3;
				INFOPLIST_FILE = FlickrFinderUITests/Info.plist;
				LD_RUNPATH_SEARCH_PATHS = "$(inherited) @executable_path/Frameworks @loader_path/Frameworks";
				PRODUCT_BUNDLE_IDENTIFIER = com.Lad.Yugandhara.FlickrFinderUITests;
				PRODUCT_NAME = "$(TARGET_NAME)";
				SWIFT_VERSION = 4.0;
				TARGETED_DEVICE_FAMILY = "1,2";
				TEST_TARGET_NAME = FlickrFinder;
			};
			name = Debug;
		};
		8FB05F1F1FE1C98400A81677 /* Release */ = {
			isa = XCBuildConfiguration;
			buildSettings = {
				ALWAYS_EMBED_SWIFT_STANDARD_LIBRARIES = YES;
				CODE_SIGN_STYLE = Automatic;
				DEVELOPMENT_TEAM = 4FX69YPBM3;
				INFOPLIST_FILE = FlickrFinderUITests/Info.plist;
				LD_RUNPATH_SEARCH_PATHS = "$(inherited) @executable_path/Frameworks @loader_path/Frameworks";
				PRODUCT_BUNDLE_IDENTIFIER = com.Lad.Yugandhara.FlickrFinderUITests;
				PRODUCT_NAME = "$(TARGET_NAME)";
				SWIFT_VERSION = 4.0;
				TARGETED_DEVICE_FAMILY = "1,2";
				TEST_TARGET_NAME = FlickrFinder;
			};
			name = Release;
		};
/* End XCBuildConfiguration section */

/* Begin XCConfigurationList section */
		8FB05EEA1FE1C98400A81677 /* Build configuration list for PBXProject "FlickrFinder" */ = {
			isa = XCConfigurationList;
			buildConfigurations = (
				8FB05F151FE1C98400A81677 /* Debug */,
				8FB05F161FE1C98400A81677 /* Release */,
			);
			defaultConfigurationIsVisible = 0;
			defaultConfigurationName = Release;
		};
		8FB05F171FE1C98400A81677 /* Build configuration list for PBXNativeTarget "FlickrFinder" */ = {
			isa = XCConfigurationList;
			buildConfigurations = (
				8FB05F181FE1C98400A81677 /* Debug */,
				8FB05F191FE1C98400A81677 /* Release */,
			);
			defaultConfigurationIsVisible = 0;
			defaultConfigurationName = Release;
		};
		8FB05F1A1FE1C98400A81677 /* Build configuration list for PBXNativeTarget "FlickrFinderTests" */ = {
			isa = XCConfigurationList;
			buildConfigurations = (
				8FB05F1B1FE1C98400A81677 /* Debug */,
				8FB05F1C1FE1C98400A81677 /* Release */,
			);
			defaultConfigurationIsVisible = 0;
			defaultConfigurationName = Release;
		};
		8FB05F1D1FE1C98400A81677 /* Build configuration list for PBXNativeTarget "FlickrFinderUITests" */ = {
			isa = XCConfigurationList;
			buildConfigurations = (
				8FB05F1E1FE1C98400A81677 /* Debug */,
				8FB05F1F1FE1C98400A81677 /* Release */,
			);
			defaultConfigurationIsVisible = 0;
			defaultConfigurationName = Release;
		};
/* End XCConfigurationList section */
	};
	rootObject = 8FB05EE71FE1C98400A81677 /* Project object */;
}
